
Microsoft Visual Studio Solution File, Format Version 12.00
# Visual Studio 15
VisualStudioVersion = 15.0.28010.2016
MinimumVisualStudioVersion = 10.0.40219.1
Project("{FAE04EC0-301F-11D3-BF4B-00C04F79EFBC}") = "Drugaaplikacja", "Drugaaplikacja\Drugaaplikacja.csproj", "{5CED8964-0CEA-413A-AFBB-6DEFE57113F0}"
EndProject
Global
	GlobalSection(SolutionConfigurationPlatforms) = preSolution
		Debug|Any CPU = Debug|Any CPU
		Release|Any CPU = Release|Any CPU
	EndGlobalSection
	GlobalSection(ProjectConfigurationPlatforms) = postSolution
		{5CED8964-0CEA-413A-AFBB-6DEFE57113F0}.Debug|Any CPU.ActiveCfg = Debug|Any CPU
		{5CED8964-0CEA-413A-AFBB-6DEFE57113F0}.Debug|Any CPU.Build.0 = Debug|Any CPU
		{5CED8964-0CEA-413A-AFBB-6DEFE57113F0}.Release|Any CPU.ActiveCfg = Release|Any CPU
		{5CED8964-0CEA-413A-AFBB-6DEFE57113F0}.Release|Any CPU.Build.0 = Release|Any CPU
	EndGlobalSection
	GlobalSection(SolutionProperties) = preSolution
		HideSolutionNode = FALSE
	EndGlobalSection
	GlobalSection(ExtensibilityGlobals) = postSolution
		SolutionGuid = {03403227-FDDF-40B9-8924-CA24B23F9F20}
	EndGlobalSection
EndGlobal
